
Microsoft Visual Studio Solution File, Format Version 12.00
# Visual Studio Version 17
VisualStudioVersion = 17.13.35931.197 d17.13
MinimumVisualStudioVersion = 10.0.40219.1
Project("{00D1A9C2-B5F0-4AF3-8072-F6C62B433612}") = "TPH.Chariot.Database.Schema", "TPH.Chariot.Database.Schema\TPH.Chariot.Database.Schema.sqlproj", "{0330884A-0D09-4061-8025-3D8C1F16F354}"
EndProject
Global
	GlobalSection(SolutionConfigurationPlatforms) = preSolution
		Debug|Any CPU = Debug|Any CPU
		Release|Any CPU = Release|Any CPU
	EndGlobalSection
	GlobalSection(ProjectConfigurationPlatforms) = postSolution
		{0330884A-0D09-4061-8025-3D8C1F16F354}.Debug|Any CPU.ActiveCfg = Debug|Any CPU
		{0330884A-0D09-4061-8025-3D8C1F16F354}.Debug|Any CPU.Build.0 = Debug|Any CPU
		{0330884A-0D09-4061-8025-3D8C1F16F354}.Debug|Any CPU.Deploy.0 = Debug|Any CPU
		{0330884A-0D09-4061-8025-3D8C1F16F354}.Release|Any CPU.ActiveCfg = Release|Any CPU
		{0330884A-0D09-4061-8025-3D8C1F16F354}.Release|Any CPU.Build.0 = Release|Any CPU
		{0330884A-0D09-4061-8025-3D8C1F16F354}.Release|Any CPU.Deploy.0 = Release|Any CPU
	EndGlobalSection
	GlobalSection(SolutionProperties) = preSolution
		HideSolutionNode = FALSE
	EndGlobalSection
	GlobalSection(ExtensibilityGlobals) = postSolution
		SolutionGuid = {0DB96FC8-E253-4A94-BAE7-A5E4401886C7}
	EndGlobalSection
EndGlobal
